// !$*UTF8*$!
{
	archiveVersion = 1;
	classes = {
	};
	objectVersion = 55;
	objects = {

/* Begin PBXBuildFile section */
		CC20418527BC07A10002AA59 /* AppDelegate.swift in Sources */ = {isa = PBXBuildFile; fileRef = CC20418427BC07A10002AA59 /* AppDelegate.swift */; };
		CC20418727BC07A10002AA59 /* SceneDelegate.swift in Sources */ = {isa = PBXBuildFile; fileRef = CC20418627BC07A10002AA59 /* SceneDelegate.swift */; };
		CC20418C27BC07A10002AA59 /* Main.storyboard in Resources */ = {isa = PBXBuildFile; fileRef = CC20418A27BC07A10002AA59 /* Main.storyboard */; };
		CC20418E27BC07A30002AA59 /* Assets.xcassets in Resources */ = {isa = PBXBuildFile; fileRef = CC20418D27BC07A30002AA59 /* Assets.xcassets */; };
		CC20419127BC07A30002AA59 /* LaunchScreen.storyboard in Resources */ = {isa = PBXBuildFile; fileRef = CC20418F27BC07A30002AA59 /* LaunchScreen.storyboard */; };
		CC20419927BC0A040002AA59 /* TasksViewController.swift in Sources */ = {isa = PBXBuildFile; fileRef = CC20419827BC0A040002AA59 /* TasksViewController.swift */; };
		CC20419B27BC0AA20002AA59 /* ProjectsViewController.swift in Sources */ = {isa = PBXBuildFile; fileRef = CC20419A27BC0AA20002AA59 /* ProjectsViewController.swift */; };
		CC20419D27BC0EA40002AA59 /* AddProjectViewController.swift in Sources */ = {isa = PBXBuildFile; fileRef = CC20419C27BC0EA40002AA59 /* AddProjectViewController.swift */; };
		CC20419F27BC5A020002AA59 /* dataPList.plist in Resources */ = {isa = PBXBuildFile; fileRef = CC20419E27BC5A020002AA59 /* dataPList.plist */; };
		CC2041A127BC5BA30002AA59 /* DataModel.swift in Sources */ = {isa = PBXBuildFile; fileRef = CC2041A027BC5BA30002AA59 /* DataModel.swift */; };
		CC2041A327BC5C2B0002AA59 /* ProjectDataLoader.swift in Sources */ = {isa = PBXBuildFile; fileRef = CC2041A227BC5C2B0002AA59 /* ProjectDataLoader.swift */; };
		CC2041A527BD53C20002AA59 /* BacklogTableVC.swift in Sources */ = {isa = PBXBuildFile; fileRef = CC2041A427BD53C10002AA59 /* BacklogTableVC.swift */; };
/* End PBXBuildFile section */

/* Begin PBXFileReference section */
		CC20418127BC07A10002AA59 /* Agile.app */ = {isa = PBXFileReference; explicitFileType = wrapper.application; includeInIndex = 0; path = Agile.app; sourceTree = BUILT_PRODUCTS_DIR; };
		CC20418427BC07A10002AA59 /* AppDelegate.swift */ = {isa = PBXFileReference; lastKnownFileType = sourcecode.swift; path = AppDelegate.swift; sourceTree = "<group>"; };
		CC20418627BC07A10002AA59 /* SceneDelegate.swift */ = {isa = PBXFileReference; lastKnownFileType = sourcecode.swift; path = SceneDelegate.swift; sourceTree = "<group>"; };
		CC20418B27BC07A10002AA59 /* Base */ = {isa = PBXFileReference; lastKnownFileType = file.storyboard; name = Base; path = Base.lproj/Main.storyboard; sourceTree = "<group>"; };
		CC20418D27BC07A30002AA59 /* Assets.xcassets */ = {isa = PBXFileReference; lastKnownFileType = folder.assetcatalog; path = Assets.xcassets; sourceTree = "<group>"; };
		CC20419027BC07A30002AA59 /* Base */ = {isa = PBXFileReference; lastKnownFileType = file.storyboard; name = Base; path = Base.lproj/LaunchScreen.storyboard; sourceTree = "<group>"; };
		CC20419227BC07A30002AA59 /* Info.plist */ = {isa = PBXFileReference; lastKnownFileType = text.plist.xml; path = Info.plist; sourceTree = "<group>"; };
		CC20419827BC0A040002AA59 /* TasksViewController.swift */ = {isa = PBXFileReference; lastKnownFileType = sourcecode.swift; path = TasksViewController.swift; sourceTree = "<group>"; };
		CC20419A27BC0AA20002AA59 /* ProjectsViewController.swift */ = {isa = PBXFileReference; lastKnownFileType = sourcecode.swift; path = ProjectsViewController.swift; sourceTree = "<group>"; };
		CC20419C27BC0EA40002AA59 /* AddProjectViewController.swift */ = {isa = PBXFileReference; lastKnownFileType = sourcecode.swift; path = AddProjectViewController.swift; sourceTree = "<group>"; };
		CC20419E27BC5A020002AA59 /* dataPList.plist */ = {isa = PBXFileReference; lastKnownFileType = text.plist.xml; path = dataPList.plist; sourceTree = "<group>"; };
		CC2041A027BC5BA30002AA59 /* DataModel.swift */ = {isa = PBXFileReference; lastKnownFileType = sourcecode.swift; path = DataModel.swift; sourceTree = "<group>"; };
		CC2041A227BC5C2B0002AA59 /* ProjectDataLoader.swift */ = {isa = PBXFileReference; lastKnownFileType = sourcecode.swift; path = ProjectDataLoader.swift; sourceTree = "<group>"; };
		CC2041A427BD53C10002AA59 /* BacklogTableVC.swift */ = {isa = PBXFileReference; lastKnownFileType = sourcecode.swift; path = BacklogTableVC.swift; sourceTree = "<group>"; };
/* End PBXFileReference section */

/* Begin PBXFrameworksBuildPhase section */
		CC20417E27BC07A10002AA59 /* Frameworks */ = {
			isa = PBXFrameworksBuildPhase;
			buildActionMask = 2147483647;
			files = (
			);
			runOnlyForDeploymentPostprocessing = 0;
		};
/* End PBXFrameworksBuildPhase section */

/* Begin PBXGroup section */
		CC20417827BC07A10002AA59 = {
			isa = PBXGroup;
			children = (
				CC20418327BC07A10002AA59 /* Agile */,
				CC20418227BC07A10002AA59 /* Products */,
			);
			sourceTree = "<group>";
		};
		CC20418227BC07A10002AA59 /* Products */ = {
			isa = PBXGroup;
			children = (
				CC20418127BC07A10002AA59 /* Agile.app */,
			);
			name = Products;
			sourceTree = "<group>";
		};
		CC20418327BC07A10002AA59 /* Agile */ = {
			isa = PBXGroup;
			children = (
				CC20418427BC07A10002AA59 /* AppDelegate.swift */,
				CC20418627BC07A10002AA59 /* SceneDelegate.swift */,
				CC20419827BC0A040002AA59 /* TasksViewController.swift */,
				CC20418A27BC07A10002AA59 /* Main.storyboard */,
				CC2041A427BD53C10002AA59 /* BacklogTableVC.swift */,
				CC20419E27BC5A020002AA59 /* dataPList.plist */,
				CC2041A027BC5BA30002AA59 /* DataModel.swift */,
				CC2041A227BC5C2B0002AA59 /* ProjectDataLoader.swift */,
				CC20419C27BC0EA40002AA59 /* AddProjectViewController.swift */,
				CC20419A27BC0AA20002AA59 /* ProjectsViewController.swift */,
				CC20418D27BC07A30002AA59 /* Assets.xcassets */,
				CC20418F27BC07A30002AA59 /* LaunchScreen.storyboard */,
				CC20419227BC07A30002AA59 /* Info.plist */,
			);
			path = Agile;
			sourceTree = "<group>";
		};
/* End PBXGroup section */

/* Begin PBXNativeTarget section */
		CC20418027BC07A10002AA59 /* Agile */ = {
			isa = PBXNativeTarget;
			buildConfigurationList = CC20419527BC07A30002AA59 /* Build configuration list for PBXNativeTarget "Agile" */;
			buildPhases = (
				CC20417D27BC07A10002AA59 /* Sources */,
				CC20417E27BC07A10002AA59 /* Frameworks */,
				CC20417F27BC07A10002AA59 /* Resources */,
			);
			buildRules = (
			);
			dependencies = (
			);
			name = Agile;
			productName = Agile;
			productReference = CC20418127BC07A10002AA59 /* Agile.app */;
			productType = "com.apple.product-type.application";
		};
/* End PBXNativeTarget section */

/* Begin PBXProject section */
		CC20417927BC07A10002AA59 /* Project object */ = {
			isa = PBXProject;
			attributes = {
				BuildIndependentTargetsInParallel = 1;
				LastSwiftUpdateCheck = 1310;
				LastUpgradeCheck = 1310;
				TargetAttributes = {
					CC20418027BC07A10002AA59 = {
						CreatedOnToolsVersion = 13.1;
					};
				};
			};
			buildConfigurationList = CC20417C27BC07A10002AA59 /* Build configuration list for PBXProject "Agile" */;
			compatibilityVersion = "Xcode 13.0";
			developmentRegion = en;
			hasScannedForEncodings = 0;
			knownRegions = (
				en,
				Base,
			);
			mainGroup = CC20417827BC07A10002AA59;
			productRefGroup = CC20418227BC07A10002AA59 /* Products */;
			projectDirPath = "";
			projectRoot = "";
			targets = (
				CC20418027BC07A10002AA59 /* Agile */,
			);
		};
/* End PBXProject section */

/* Begin PBXResourcesBuildPhase section */
		CC20417F27BC07A10002AA59 /* Resources */ = {
			isa = PBXResourcesBuildPhase;
			buildActionMask = 2147483647;
			files = (
				CC20419127BC07A30002AA59 /* LaunchScreen.storyboard in Resources */,
				CC20418E27BC07A30002AA59 /* Assets.xcassets in Resources */,
				CC20418C27BC07A10002AA59 /* Main.storyboard in Resources */,
				CC20419F27BC5A020002AA59 /* dataPList.plist in Resources */,
			);
			runOnlyForDeploymentPostprocessing = 0;
		};
/* End PBXResourcesBuildPhase section */

/* Begin PBXSourcesBuildPhase section */
		CC20417D27BC07A10002AA59 /* Sources */ = {
			isa = PBXSourcesBuildPhase;
			buildActionMask = 2147483647;
			files = (
				CC20419B27BC0AA20002AA59 /* ProjectsViewController.swift in Sources */,
				CC20419927BC0A040002AA59 /* TasksViewController.swift in Sources */,
				CC20418527BC07A10002AA59 /* AppDelegate.swift in Sources */,
				CC2041A527BD53C20002AA59 /* BacklogTableVC.swift in Sources */,
				CC20419D27BC0EA40002AA59 /* AddProjectViewController.swift in Sources */,
				CC2041A327BC5C2B0002AA59 /* ProjectDataLoader.swift in Sources */,
				CC20418727BC07A10002AA59 /* SceneDelegate.swift in Sources */,
				CC2041A127BC5BA30002AA59 /* DataModel.swift in Sources */,
			);
			runOnlyForDeploymentPostprocessing = 0;
		};
/* End PBXSourcesBuildPhase section */

/* Begin PBXVariantGroup section */
		CC20418A27BC07A10002AA59 /* Main.storyboard */ = {
			isa = PBXVariantGroup;
			children = (
				CC20418B27BC07A10002AA59 /* Base */,
			);
			name = Main.storyboard;
			sourceTree = "<group>";
		};
		CC20418F27BC07A30002AA59 /* LaunchScreen.storyboard */ = {
			isa = PBXVariantGroup;
			children = (
				CC20419027BC07A30002AA59 /* Base */,
			);
			name = LaunchScreen.storyboard;
			sourceTree = "<group>";
		};
/* End PBXVariantGroup section */

/* Begin XCBuildConfiguration section */
		CC20419327BC07A30002AA59 /* Debug */ = {
			isa = XCBuildConfiguration;
			buildSettings = {
				ALWAYS_SEARCH_USER_PATHS = NO;
				CLANG_ANALYZER_NONNULL = YES;
				CLANG_ANALYZER_NUMBER_OBJECT_CONVERSION = YES_AGGRESSIVE;
				CLANG_CXX_LANGUAGE_STANDARD = "gnu++17";
				CLANG_CXX_LIBRARY = "libc++";
				CLANG_ENABLE_MODULES = YES;
				CLANG_ENABLE_OBJC_ARC = YES;
				CLANG_ENABLE_OBJC_WEAK = YES;
				CLANG_WARN_BLOCK_CAPTURE_AUTORELEASING = YES;
				CLANG_WARN_BOOL_CONVERSION = YES;
				CLANG_WARN_COMMA = YES;
				CLANG_WARN_CONSTANT_CONVERSION = YES;
				CLANG_WARN_DEPRECATED_OBJC_IMPLEMENTATIONS = YES;
				CLANG_WARN_DIRECT_OBJC_ISA_USAGE = YES_ERROR;
				CLANG_WARN_DOCUMENTATION_COMMENTS = YES;
				CLANG_WARN_EMPTY_BODY = YES;
				CLANG_WARN_ENUM_CONVERSION = YES;
				CLANG_WARN_INFINITE_RECURSION = YES;
				CLANG_WARN_INT_CONVERSION = YES;
				CLANG_WARN_NON_LITERAL_NULL_CONVERSION = YES;
				CLANG_WARN_OBJC_IMPLICIT_RETAIN_SELF = YES;
				CLANG_WARN_OBJC_LITERAL_CONVERSION = YES;
				CLANG_WARN_OBJC_ROOT_CLASS = YES_ERROR;
				CLANG_WARN_QUOTED_INCLUDE_IN_FRAMEWORK_HEADER = YES;
				CLANG_WARN_RANGE_LOOP_ANALYSIS = YES;
				CLANG_WARN_STRICT_PROTOTYPES = YES;
				CLANG_WARN_SUSPICIOUS_MOVE = YES;
				CLANG_WARN_UNGUARDED_AVAILABILITY = YES_AGGRESSIVE;
				CLANG_WARN_UNREACHABLE_CODE = YES;
				CLANG_WARN__DUPLICATE_METHOD_MATCH = YES;
				COPY_PHASE_STRIP = NO;
				DEBUG_INFORMATION_FORMAT = dwarf;
				ENABLE_STRICT_OBJC_MSGSEND = YES;
				ENABLE_TESTABILITY = YES;
				GCC_C_LANGUAGE_STANDARD = gnu11;
				GCC_DYNAMIC_NO_PIC = NO;
				GCC_NO_COMMON_BLOCKS = YES;
				GCC_OPTIMIZATION_LEVEL = 0;
				GCC_PREPROCESSOR_DEFINITIONS = (
					"DEBUG=1",
					"$(inherited)",
				);
				GCC_WARN_64_TO_32_BIT_CONVERSION = YES;
				GCC_WARN_ABOUT_RETURN_TYPE = YES_ERROR;
				GCC_WARN_UNDECLARED_SELECTOR = YES;
				GCC_WARN_UNINITIALIZED_AUTOS = YES_AGGRESSIVE;
				GCC_WARN_UNUSED_FUNCTION = YES;
				GCC_WARN_UNUSED_VARIABLE = YES;
				IPHONEOS_DEPLOYMENT_TARGET = 15.0;
				MTL_ENABLE_DEBUG_INFO = INCLUDE_SOURCE;
				MTL_FAST_MATH = YES;
				ONLY_ACTIVE_ARCH = YES;
				SDKROOT = iphoneos;
				SWIFT_ACTIVE_COMPILATION_CONDITIONS = DEBUG;
				SWIFT_OPTIMIZATION_LEVEL = "-Onone";
			};
			name = Debug;
		};
		CC20419427BC07A30002AA59 /* Release */ = {
			isa = XCBuildConfiguration;
			buildSettings = {
				ALWAYS_SEARCH_USER_PATHS = NO;
				CLANG_ANALYZER_NONNULL = YES;
				CLANG_ANALYZER_NUMBER_OBJECT_CONVERSION = YES_AGGRESSIVE;
				CLANG_CXX_LANGUAGE_STANDARD = "gnu++17";
				CLANG_CXX_LIBRARY = "libc++";
				CLANG_ENABLE_MODULES = YES;
				CLANG_ENABLE_OBJC_ARC = YES;
				CLANG_ENABLE_OBJC_WEAK = YES;
				CLANG_WARN_BLOCK_CAPTURE_AUTORELEASING = YES;
				CLANG_WARN_BOOL_CONVERSION = YES;
				CLANG_WARN_COMMA = YES;
				CLANG_WARN_CONSTANT_CONVERSION = YES;
				CLANG_WARN_DEPRECATED_OBJC_IMPLEMENTATIONS = YES;
				CLANG_WARN_DIRECT_OBJC_ISA_USAGE = YES_ERROR;
				CLANG_WARN_DOCUMENTATION_COMMENTS = YES;
				CLANG_WARN_EMPTY_BODY = YES;
				CLANG_WARN_ENUM_CONVERSION = YES;
				CLANG_WARN_INFINITE_RECURSION = YES;
				CLANG_WARN_INT_CONVERSION = YES;
				CLANG_WARN_NON_LITERAL_NULL_CONVERSION = YES;
				CLANG_WARN_OBJC_IMPLICIT_RETAIN_SELF = YES;
				CLANG_WARN_OBJC_LITERAL_CONVERSION = YES;
				CLANG_WARN_OBJC_ROOT_CLASS = YES_ERROR;
				CLANG_WARN_QUOTED_INCLUDE_IN_FRAMEWORK_HEADER = YES;
				CLANG_WARN_RANGE_LOOP_ANALYSIS = YES;
				CLANG_WARN_STRICT_PROTOTYPES = YES;
				CLANG_WARN_SUSPICIOUS_MOVE = YES;
				CLANG_WARN_UNGUARDED_AVAILABILITY = YES_AGGRESSIVE;
				CLANG_WARN_UNREACHABLE_CODE = YES;
				CLANG_WARN__DUPLICATE_METHOD_MATCH = YES;
				COPY_PHASE_STRIP = NO;
				DEBUG_INFORMATION_FORMAT = "dwarf-with-dsym";
				ENABLE_NS_ASSERTIONS = NO;
				ENABLE_STRICT_OBJC_MSGSEND = YES;
				GCC_C_LANGUAGE_STANDARD = gnu11;
				GCC_NO_COMMON_BLOCKS = YES;
				GCC_WARN_64_TO_32_BIT_CONVERSION = YES;
				GCC_WARN_ABOUT_RETURN_TYPE = YES_ERROR;
				GCC_WARN_UNDECLARED_SELECTOR = YES;
				GCC_WARN_UNINITIALIZED_AUTOS = YES_AGGRESSIVE;
				GCC_WARN_UNUSED_FUNCTION = YES;
				GCC_WARN_UNUSED_VARIABLE = YES;
				IPHONEOS_DEPLOYMENT_TARGET = 15.0;
				MTL_ENABLE_DEBUG_INFO = NO;
				MTL_FAST_MATH = YES;
				SDKROOT = iphoneos;
				SWIFT_COMPILATION_MODE = wholemodule;
				SWIFT_OPTIMIZATION_LEVEL = "-O";
				VALIDATE_PRODUCT = YES;
			};
			name = Release;
		};
		CC20419627BC07A30002AA59 /* Debug */ = {
			isa = XCBuildConfiguration;
			buildSettings = {
				ASSETCATALOG_COMPILER_APPICON_NAME = AppIcon;
				ASSETCATALOG_COMPILER_GLOBAL_ACCENT_COLOR_NAME = AccentColor;
				CODE_SIGN_STYLE = Automatic;
				CURRENT_PROJECT_VERSION = 1;
				DEVELOPMENT_TEAM = 7D9XKQG5K2;
				GENERATE_INFOPLIST_FILE = YES;
				INFOPLIST_FILE = Agile/Info.plist;
				INFOPLIST_KEY_UIApplicationSupportsIndirectInputEvents = YES;
				INFOPLIST_KEY_UILaunchStoryboardName = LaunchScreen;
				INFOPLIST_KEY_UIMainStoryboardFile = Main;
				INFOPLIST_KEY_UISupportedInterfaceOrientations_iPad = "UIInterfaceOrientationPortrait UIInterfaceOrientationPortraitUpsideDown UIInterfaceOrientationLandscapeLeft UIInterfaceOrientationLandscapeRight";
				INFOPLIST_KEY_UISupportedInterfaceOrientations_iPhone = "UIInterfaceOrientationPortrait UIInterfaceOrientationLandscapeLeft UIInterfaceOrientationLandscapeRight";
				LD_RUNPATH_SEARCH_PATHS = (
					"$(inherited)",
					"@executable_path/Frameworks",
				);
				MARKETING_VERSION = 1.0;
				PRODUCT_BUNDLE_IDENTIFIER = gamalucas.Agile;
				PRODUCT_NAME = "$(TARGET_NAME)";
				SWIFT_EMIT_LOC_STRINGS = YES;
				SWIFT_VERSION = 5.0;
				TARGETED_DEVICE_FAMILY = "1,2";
			};
			name = Debug;
		};
		CC20419727BC07A30002AA59 /* Release */ = {
			isa = XCBuildConfiguration;
			buildSettings = {
				ASSETCATALOG_COMPILER_APPICON_NAME = AppIcon;
				ASSETCATALOG_COMPILER_GLOBAL_ACCENT_COLOR_NAME = AccentColor;
				CODE_SIGN_STYLE = Automatic;
				CURRENT_PROJECT_VERSION = 1;
				DEVELOPMENT_TEAM = 7D9XKQG5K2;
				GENERATE_INFOPLIST_FILE = YES;
				INFOPLIST_FILE = Agile/Info.plist;
				INFOPLIST_KEY_UIApplicationSupportsIndirectInputEvents = YES;
				INFOPLIST_KEY_UILaunchStoryboardName = LaunchScreen;
				INFOPLIST_KEY_UIMainStoryboardFile = Main;
				INFOPLIST_KEY_UISupportedInterfaceOrientations_iPad = "UIInterfaceOrientationPortrait UIInterfaceOrientationPortraitUpsideDown UIInterfaceOrientationLandscapeLeft UIInterfaceOrientationLandscapeRight";
				INFOPLIST_KEY_UISupportedInterfaceOrientations_iPhone = "UIInterfaceOrientationPortrait UIInterfaceOrientationLandscapeLeft UIInterfaceOrientationLandscapeRight";
				LD_RUNPATH_SEARCH_PATHS = (
					"$(inherited)",
					"@executable_path/Frameworks",
				);
				MARKETING_VERSION = 1.0;
				PRODUCT_BUNDLE_IDENTIFIER = gamalucas.Agile;
				PRODUCT_NAME = "$(TARGET_NAME)";
				SWIFT_EMIT_LOC_STRINGS = YES;
				SWIFT_VERSION = 5.0;
				TARGETED_DEVICE_FAMILY = "1,2";
			};
			name = Release;
		};
/* End XCBuildConfiguration section */

/* Begin XCConfigurationList section */
		CC20417C27BC07A10002AA59 /* Build configuration list for PBXProject "Agile" */ = {
			isa = XCConfigurationList;
			buildConfigurations = (
				CC20419327BC07A30002AA59 /* Debug */,
				CC20419427BC07A30002AA59 /* Release */,
			);
			defaultConfigurationIsVisible = 0;
			defaultConfigurationName = Release;
		};
		CC20419527BC07A30002AA59 /* Build configuration list for PBXNativeTarget "Agile" */ = {
			isa = XCConfigurationList;
			buildConfigurations = (
				CC20419627BC07A30002AA59 /* Debug */,
				CC20419727BC07A30002AA59 /* Release */,
			);
			defaultConfigurationIsVisible = 0;
			defaultConfigurationName = Release;
		};
/* End XCConfigurationList section */
	};
	rootObject = CC20417927BC07A10002AA59 /* Project object */;
}
